
Microsoft Visual Studio Solution File, Format Version 12.00
# Visual Studio 15
VisualStudioVersion = 15.0.28307.572
MinimumVisualStudioVersion = 10.0.40219.1
Project("{FAE04EC0-301F-11D3-BF4B-00C04F79EFBC}") = "BE", "part1\BE.csproj", "{B0DAC0E1-5923-4C00-99E5-EA63010868DB}"
EndProject
Global
	GlobalSection(SolutionConfigurationPlatforms) = preSolution
		Debug|Any CPU = Debug|Any CPU
		Release|Any CPU = Release|Any CPU
	EndGlobalSection
	GlobalSection(ProjectConfigurationPlatforms) = postSolution
		{B0DAC0E1-5923-4C00-99E5-EA63010868DB}.Debug|Any CPU.ActiveCfg = Debug|Any CPU
		{B0DAC0E1-5923-4C00-99E5-EA63010868DB}.Debug|Any CPU.Build.0 = Debug|Any CPU
		{B0DAC0E1-5923-4C00-99E5-EA63010868DB}.Release|Any CPU.ActiveCfg = Release|Any CPU
		{B0DAC0E1-5923-4C00-99E5-EA63010868DB}.Release|Any CPU.Build.0 = Release|Any CPU
	EndGlobalSection
	GlobalSection(SolutionProperties) = preSolution
		HideSolutionNode = FALSE
	EndGlobalSection
	GlobalSection(ExtensibilityGlobals) = postSolution
		SolutionGuid = {E0E63F15-5F02-443E-9B34-93F65B668801}
	EndGlobalSection
EndGlobal
